global:
  veoveoRegistry: k3d-veoveo-registry.localhost:5000
  veoveoTag: ""
  imageDigests:
    veoveo/agent-kernel: sha256:5c9a0510836d46833fe2eb4390445b1bd5b9695511a6cbacb8d7b71c0885c642
    veoveo/artifact-mcp: sha256:ee2a12b7da8642d8d8bf3a63275dd1d86219eaba0ae7a4ceddbf1cb2f7ee6469
    veoveo/artifact-service: sha256:58d0ed76dabec39d909f81b29c6b07508500afa7070d5d0899a51351b51d22b7
    veoveo/chart-mcp: sha256:94c98811ff1ff0ed00bf150afde86d043668c24e529a0c8da61ff62e44fa6d7d
    veoveo/console-bff: sha256:6185264f4c257c9834a0a1b2fc1f91605f4cf13023b0148463e053e2034e43ba
    veoveo/cuopt-executor: sha256:ca5de74d304ee90d3d8f0a98d09a3cf1a2d413296b24c0bbb766264a19de6d66
    veoveo/datasheet-mcp: sha256:ff3983c2eaae3de86a12e94521b8e9040c8665917e43b8c054d0ea26d5c3484f
    veoveo/duckdb-mcp: sha256:eddfea2ad1902e7850ae9e022d68717e4b5b830c723a52f82708e49f25336912
    veoveo/frames-mcp: sha256:c483f73f71673ebb840aa79dae67eba9035b3a3c97213eb6538a9bd732d8bf54
    veoveo/map-mcp: sha256:b9f89aff6835ad600862f625a692106968e015190142d4994b3e8bf94afe4260
    veoveo/mcp-gateway: sha256:72a09ccded5d995716b130efb160db14dbc6eebdad44f3b75f99cf95e509577f
    veoveo/mcp-legacy-bridge: sha256:06a9d1908394f0d39d3bda363a77f796d9c1e1585ae072dceb97429d26760310
    veoveo/mcp-stdio-bridge: sha256:813b04915b69002b2d7013a9b0b53f8849e02b651797f68da85529c1bb5314b4
    veoveo/media-mcp: sha256:ad6f742cfaf34f3ad65e8a0cc7b75915353e1ef8a7bd6bf87eb2c2ff885b3934
    veoveo/optimization-mcp: sha256:bc4b189571056c37f5e7a75bbba736d0538a143337204d8dc8304fb0e3f7c6e8
    veoveo/stream-mcp: sha256:5eabccf5aa408f51f841bd6dfca9c4de966ec8f951361db3d88a7a16c8fce1c8
    veoveo/reason-mcp: sha256:cbe152cbff19271e9e6dcde8221f55d7fcecad8aa7d3f6882776227304a5969c
    veoveo/recording-forwarder: sha256:58abdd35abef1cab0a105ca5ece7ca3c90612be145e71952f464f477b0f87ea2
    veoveo/recording-hub: sha256:a890564d9cb2e2019de6b3d5b8d16d9a2e0fc3b929f7cd4dc6fcee78a386edef
    veoveo/recording-mcp: sha256:1f21ee06d22dc289d79dcf97f147810ff09ef19f9b77acf33c578000359bc55b
    veoveo/simulation-runtime: sha256:2542661a3697eae517e808b1f60af55b4650159270c7503066e2acab0129f5df
    veoveo/time-mcp: sha256:ec68856f563977e4a56d5784db5b6c69bd681ff9780a0c5e0dddd620773e6dc0
    veoveo/timeseries-mcp: sha256:b0e42972e631f098e5dd3ffc428ed4144e58d9a2937af121fc49ff24e3710401
    veoveo/uav-sim-mcp: sha256:d5b76ccce0166c0b1b9ca91e9af70b44a51380a411d358b119d04e3bb1adc542
    veoveo/uav-sim-runtime: sha256:325fd4679c0b225bd174aef6f8b9d33a4a796ca1064d8cc7f44dcdfd44cf6aae
    veoveo/view-mcp: sha256:e15e5a0e70a77e502ee471186edeaad024cd2c4d7ee06ca6129faffa42f327ac
