global:
  veoveoRegistry: k3d-veoveo-registry.localhost:5000
  veoveoTag: ""
  imageDigests:
    veoveo/agent-kernel: sha256:b0fb226f6fe5a30ad3322671c76e24f7b8e4bbae5948259b7e5521c79f2369fc
    veoveo/artifact-mcp: sha256:b7d880cbf59910a5a6e53eac7c349a27efdd4a722ccfaf9715d2b62e972bc4e3
    veoveo/artifact-service: sha256:0b4259982d1312ecfe6435d7398677ca35c9d1ef9ad2efd6cc06502b85a38fd9
    veoveo/chart-mcp: sha256:94c98811ff1ff0ed00bf150afde86d043668c24e529a0c8da61ff62e44fa6d7d
    veoveo/console-bff: sha256:058c10a5181c5f109bf11221274a68dcc882eb2ae2cd514715b243c2657e74ee
    veoveo/cuopt-executor: sha256:ca5de74d304ee90d3d8f0a98d09a3cf1a2d413296b24c0bbb766264a19de6d66
    veoveo/datasheet-mcp: sha256:eb4abc45861e2e35a663d8a87bf6be46398c4010ba10282a1bad2a1abc49e237
    veoveo/duckdb-mcp: sha256:67bbf04fe122ba6115bc79afc59169f89cdd33f419184e0cef0081bda3630c64
    veoveo/frames-mcp: sha256:265899709b36c8307f776e9a86604e1b761711de6cc3a0bb6ca919b9cefdb039
    veoveo/map-mcp: sha256:86d303f959bb28773bc3535b717fe8a0bb7cf24815c1a7bb2083a182b5fdeb5f
    veoveo/mcp-gateway: sha256:7f0c5393a9b705a4547e5d3192bbfb4056b986644ff80b5d926c5b46ef51d410
    veoveo/mcp-legacy-bridge: sha256:0f96ce62bff774e447ef6018b7a6a39ee42d1923ccfd96aa87c6e2ab978f4d5b
    veoveo/mcp-stdio-bridge: sha256:7f9b5ee0d72f81c628502e57e3873387d4bd08c90d0140af621d557653b600e5
    veoveo/media-mcp: sha256:d33f1b53a3cddf3409bfca96843c0fb987b318a7a24ef59a354b0706dcdf8247
    veoveo/optimization-mcp: sha256:7a2d599f577d497c1231f5af52b5a27bfad69d980038d6f9f907511d1803027a
    veoveo/stream-mcp: sha256:d0e5c7656fdbad76a8c13ee41507c073285f30810cd0c3bc9a53ceefabec6789
    veoveo/reason-mcp: sha256:c2ce5b14ebf688994c2e884d977dcaf911d3284d25cd791d5c41250a35ea2099
    veoveo/recording-forwarder: sha256:6ec1f59d1af0d715c7dc9704d264e683f85f4f4fc368bf276f9604f98e9a522f
    veoveo/recording-hub: sha256:2369cf163da6cb9d824bf0b09b7cb73fcabe60e5a6da5328c1e0ca35298b9c45
    veoveo/recording-mcp: sha256:a86ab1c789be30862f6d9e7215bfb06d28d8edb2bdff5d209891abddfbac4dbe
    veoveo/simulation-runtime: sha256:dff172c25ff5b3d71388549ade9ef460765e85913daae8416da341bb3d367b15
    veoveo/time-mcp: sha256:0cadb6d29bf921ce97019a5a50152aca8d23cd888142e3d0ab5f209f813828fb
    veoveo/timeseries-mcp: sha256:77ea3f2fb9341d921a05a62942103f2a67b2b8ab566036cf2d516b96b181ce49
    veoveo/uav-sim-mcp: sha256:5ca00b163fec0a2c27427d809dc8535cb668eb8669265d0a0d45b5e22e665f84
    veoveo/uav-sim-runtime: sha256:732c3bc78dfaf1739be52af8b53f6f6c17a739eb6eeb0a4cce60e8d1f36aba94
    veoveo/view-mcp: sha256:3c3e5db51f29dcbb98181cd3a2031dee80149e0ecead31af66a69babf1b92a98
